
Microsoft Visual Studio Solution File, Format Version 12.00
# Visual Studio Version 16
VisualStudioVersion = 16.0.30225.117
MinimumVisualStudioVersion = 10.0.40219.1
Project("{9A19103F-16F7-4668-BE54-9A1E7A4F7556}") = "OrderApi", "OrderApi\OrderApi.csproj", "{3A700469-85B1-453F-9434-A728E1E6C1E1}"
EndProject
Project("{9A19103F-16F7-4668-BE54-9A1E7A4F7556}") = "OrderApi.Common", "OrderApi.Common\OrderApi.Common.csproj", "{AF00CDE4-8C17-43DD-8DC5-B405621E2953}"
EndProject
Project("{9A19103F-16F7-4668-BE54-9A1E7A4F7556}") = "OrderApi.Domains", "OrderApi.Domains\OrderApi.Domains.csproj", "{89E0A06E-0EA5-41BD-865A-D035C0DC6776}"
EndProject
Project("{9A19103F-16F7-4668-BE54-9A1E7A4F7556}") = "OrderApi.Infrastructure", "OrderApi.Infrastructure\OrderApi.Infrastructure.csproj", "{8EC147AC-F67D-448B-99C3-0E534A18B278}"
EndProject
Project("{9A19103F-16F7-4668-BE54-9A1E7A4F7556}") = "OrderApi.Repositories", "OrderApi.Repositories\OrderApi.Repositories.csproj", "{F02088F9-DA73-4775-BF63-5F7D4FFF97EE}"
EndProject
Project("{FAE04EC0-301F-11D3-BF4B-00C04F79EFBC}") = "OrderApi.Events", "OrderApi.Events\OrderApi.Events.csproj", "{6D037FEE-E307-4747-922F-00E96BCCDCAB}"
EndProject
Global
	GlobalSection(SolutionConfigurationPlatforms) = preSolution
		Debug|Any CPU = Debug|Any CPU
		Release|Any CPU = Release|Any CPU
	EndGlobalSection
	GlobalSection(ProjectConfigurationPlatforms) = postSolution
		{3A700469-85B1-453F-9434-A728E1E6C1E1}.Debug|Any CPU.ActiveCfg = Debug|Any CPU
		{3A700469-85B1-453F-9434-A728E1E6C1E1}.Debug|Any CPU.Build.0 = Debug|Any CPU
		{3A700469-85B1-453F-9434-A728E1E6C1E1}.Release|Any CPU.ActiveCfg = Release|Any CPU
		{3A700469-85B1-453F-9434-A728E1E6C1E1}.Release|Any CPU.Build.0 = Release|Any CPU
		{AF00CDE4-8C17-43DD-8DC5-B405621E2953}.Debug|Any CPU.ActiveCfg = Debug|Any CPU
		{AF00CDE4-8C17-43DD-8DC5-B405621E2953}.Debug|Any CPU.Build.0 = Debug|Any CPU
		{AF00CDE4-8C17-43DD-8DC5-B405621E2953}.Release|Any CPU.ActiveCfg = Release|Any CPU
		{AF00CDE4-8C17-43DD-8DC5-B405621E2953}.Release|Any CPU.Build.0 = Release|Any CPU
		{89E0A06E-0EA5-41BD-865A-D035C0DC6776}.Debug|Any CPU.ActiveCfg = Debug|Any CPU
		{89E0A06E-0EA5-41BD-865A-D035C0DC6776}.Debug|Any CPU.Build.0 = Debug|Any CPU
		{89E0A06E-0EA5-41BD-865A-D035C0DC6776}.Release|Any CPU.ActiveCfg = Release|Any CPU
		{89E0A06E-0EA5-41BD-865A-D035C0DC6776}.Release|Any CPU.Build.0 = Release|Any CPU
		{8EC147AC-F67D-448B-99C3-0E534A18B278}.Debug|Any CPU.ActiveCfg = Debug|Any CPU
		{8EC147AC-F67D-448B-99C3-0E534A18B278}.Debug|Any CPU.Build.0 = Debug|Any CPU
		{8EC147AC-F67D-448B-99C3-0E534A18B278}.Release|Any CPU.ActiveCfg = Release|Any CPU
		{8EC147AC-F67D-448B-99C3-0E534A18B278}.Release|Any CPU.Build.0 = Release|Any CPU
		{F02088F9-DA73-4775-BF63-5F7D4FFF97EE}.Debug|Any CPU.ActiveCfg = Debug|Any CPU
		{F02088F9-DA73-4775-BF63-5F7D4FFF97EE}.Debug|Any CPU.Build.0 = Debug|Any CPU
		{F02088F9-DA73-4775-BF63-5F7D4FFF97EE}.Release|Any CPU.ActiveCfg = Release|Any CPU
		{F02088F9-DA73-4775-BF63-5F7D4FFF97EE}.Release|Any CPU.Build.0 = Release|Any CPU
		{6D037FEE-E307-4747-922F-00E96BCCDCAB}.Debug|Any CPU.ActiveCfg = Debug|Any CPU
		{6D037FEE-E307-4747-922F-00E96BCCDCAB}.Debug|Any CPU.Build.0 = Debug|Any CPU
		{6D037FEE-E307-4747-922F-00E96BCCDCAB}.Release|Any CPU.ActiveCfg = Release|Any CPU
		{6D037FEE-E307-4747-922F-00E96BCCDCAB}.Release|Any CPU.Build.0 = Release|Any CPU
	EndGlobalSection
	GlobalSection(SolutionProperties) = preSolution
		HideSolutionNode = FALSE
	EndGlobalSection
	GlobalSection(ExtensibilityGlobals) = postSolution
		SolutionGuid = {CF951BFB-96BB-4556-B80E-F2B1BEB7A39E}
	EndGlobalSection
EndGlobal
